
Microsoft Visual Studio Solution File, Format Version 12.00
Project("{FAE04EC0-301F-11D3-BF4B-00C04F79EFBC}") = "NPC-Quotes", "NPC-Quotes.csproj", "{216D60BF-601B-49DC-926A-1F3D93C20AF0}"
EndProject
Global
	GlobalSection(SolutionConfigurationPlatforms) = preSolution
		Debug|Any CPU = Debug|Any CPU
		Release|Any CPU = Release|Any CPU
	EndGlobalSection
	GlobalSection(ProjectConfigurationPlatforms) = postSolution
		{216D60BF-601B-49DC-926A-1F3D93C20AF0}.Debug|Any CPU.ActiveCfg = Debug|Any CPU
		{216D60BF-601B-49DC-926A-1F3D93C20AF0}.Debug|Any CPU.Build.0 = Debug|Any CPU
		{216D60BF-601B-49DC-926A-1F3D93C20AF0}.Release|Any CPU.ActiveCfg = Release|Any CPU
		{216D60BF-601B-49DC-926A-1F3D93C20AF0}.Release|Any CPU.Build.0 = Release|Any CPU
	EndGlobalSection
EndGlobal
